<?xml version="1.0" encoding="UTF-8" standalone="yes" ?>
<CodeBlocks_project_file>
	<FileVersion major="1" minor="6" />
	<Project>
		<Option title="lib" />
		<Option pch_mode="2" />
		<Option compiler="gcc" />
		<Build>
			<Target title="Debug">
				<Option output="../bin/Debug/YANNL" prefix_auto="1" extension_auto="1" />
				<Option working_dir="" />
				<Option object_output="../obj/Debug/" />
				<Option type="2" />
				<Option compiler="gcc" />
				<Compiler>
					<Add option="-g" />
				</Compiler>
			</Target>
			<Target title="Release">
				<Option output="../bin/Release/YANNL" prefix_auto="1" extension_auto="1" />
				<Option working_dir="" />
				<Option object_output="../obj/Release/" />
				<Option type="2" />
				<Option compiler="gcc" />
				<Compiler>
					<Add option="-O2" />
				</Compiler>
				<Linker>
					<Add option="-s" />
				</Linker>
			</Target>
		</Build>
		<Compiler>
			<Add option="-Wall" />
			<Add directory="include" />
		</Compiler>
		<Unit filename="mnist-reader/include/MnistReader.h" />
		<Unit filename="neural-net/include/ActivationFunction.h" />
		<Unit filename="neural-net/include/MLP.h" />
		<Unit filename="neural-net/include/NeuralNetwork.h" />
		<Unit filename="neural-net/include/Neuron.h" />
		<Unit filename="neural-net/include/NeuronLayer.h" />
		<Unit filename="neural-net/include/Utils.h" />
		<Unit filename="xml-reader/include/SimpleXMLReader.h" />
		<Extensions>
			<DoxyBlocks>
				<comment_style block="0" line="0" />
				<doxyfile_project />
				<doxyfile_build extract_all="1" extract_private="1" extract_static="1" />
				<doxyfile_warnings />
				<doxyfile_output />
				<doxyfile_dot />
				<general />
			</DoxyBlocks>
			<lib_finder disable_auto="1" />
		</Extensions>
	</Project>
</CodeBlocks_project_file>
